
Microsoft Visual Studio Solution File, Format Version 12.00
# Visual Studio 15
VisualStudioVersion = 15.0.26124.0
MinimumVisualStudioVersion = 15.0.26124.0
Project("{FAE04EC0-301F-11D3-BF4B-00C04F79EFBC}") = "Elitekollektivet.Emulator.GameBoyColor", "Elitekollektivet.Emulator.GameBoyColor\Elitekollektivet.Emulator.GameBoyColor.csproj", "{60320890-AC2F-48DF-9714-B4CD684DB935}"
EndProject
Project("{FAE04EC0-301F-11D3-BF4B-00C04F79EFBC}") = "Elitekollektivet.Emulator.GameBoyColor.Tests", "Elitekollektivet.Emulator.GameBoyColor.Tests\Elitekollektivet.Emulator.GameBoyColor.Tests.csproj", "{37EB2312-85C3-4E89-997F-87EFD7C3205E}"
EndProject
Global
	GlobalSection(SolutionConfigurationPlatforms) = preSolution
		Debug|Any CPU = Debug|Any CPU
		Debug|x64 = Debug|x64
		Debug|x86 = Debug|x86
		Release|Any CPU = Release|Any CPU
		Release|x64 = Release|x64
		Release|x86 = Release|x86
	EndGlobalSection
	GlobalSection(SolutionProperties) = preSolution
		HideSolutionNode = FALSE
	EndGlobalSection
	GlobalSection(ProjectConfigurationPlatforms) = postSolution
		{60320890-AC2F-48DF-9714-B4CD684DB935}.Debug|Any CPU.ActiveCfg = Debug|Any CPU
		{60320890-AC2F-48DF-9714-B4CD684DB935}.Debug|Any CPU.Build.0 = Debug|Any CPU
		{60320890-AC2F-48DF-9714-B4CD684DB935}.Debug|x64.ActiveCfg = Debug|Any CPU
		{60320890-AC2F-48DF-9714-B4CD684DB935}.Debug|x64.Build.0 = Debug|Any CPU
		{60320890-AC2F-48DF-9714-B4CD684DB935}.Debug|x86.ActiveCfg = Debug|Any CPU
		{60320890-AC2F-48DF-9714-B4CD684DB935}.Debug|x86.Build.0 = Debug|Any CPU
		{60320890-AC2F-48DF-9714-B4CD684DB935}.Release|Any CPU.ActiveCfg = Release|Any CPU
		{60320890-AC2F-48DF-9714-B4CD684DB935}.Release|Any CPU.Build.0 = Release|Any CPU
		{60320890-AC2F-48DF-9714-B4CD684DB935}.Release|x64.ActiveCfg = Release|Any CPU
		{60320890-AC2F-48DF-9714-B4CD684DB935}.Release|x64.Build.0 = Release|Any CPU
		{60320890-AC2F-48DF-9714-B4CD684DB935}.Release|x86.ActiveCfg = Release|Any CPU
		{60320890-AC2F-48DF-9714-B4CD684DB935}.Release|x86.Build.0 = Release|Any CPU
		{37EB2312-85C3-4E89-997F-87EFD7C3205E}.Debug|Any CPU.ActiveCfg = Debug|Any CPU
		{37EB2312-85C3-4E89-997F-87EFD7C3205E}.Debug|Any CPU.Build.0 = Debug|Any CPU
		{37EB2312-85C3-4E89-997F-87EFD7C3205E}.Debug|x64.ActiveCfg = Debug|Any CPU
		{37EB2312-85C3-4E89-997F-87EFD7C3205E}.Debug|x64.Build.0 = Debug|Any CPU
		{37EB2312-85C3-4E89-997F-87EFD7C3205E}.Debug|x86.ActiveCfg = Debug|Any CPU
		{37EB2312-85C3-4E89-997F-87EFD7C3205E}.Debug|x86.Build.0 = Debug|Any CPU
		{37EB2312-85C3-4E89-997F-87EFD7C3205E}.Release|Any CPU.ActiveCfg = Release|Any CPU
		{37EB2312-85C3-4E89-997F-87EFD7C3205E}.Release|Any CPU.Build.0 = Release|Any CPU
		{37EB2312-85C3-4E89-997F-87EFD7C3205E}.Release|x64.ActiveCfg = Release|Any CPU
		{37EB2312-85C3-4E89-997F-87EFD7C3205E}.Release|x64.Build.0 = Release|Any CPU
		{37EB2312-85C3-4E89-997F-87EFD7C3205E}.Release|x86.ActiveCfg = Release|Any CPU
		{37EB2312-85C3-4E89-997F-87EFD7C3205E}.Release|x86.Build.0 = Release|Any CPU
	EndGlobalSection
EndGlobal
